
Microsoft Visual Studio Solution File, Format Version 12.00
# Visual Studio Version 16
VisualStudioVersion = 16.0.30002.166
MinimumVisualStudioVersion = 10.0.40219.1
Project("{2150E333-8FDC-42A3-9474-1A3956D46DE8}") = "src", "src", "{D63F56C0-E89C-4601-AC17-9D7E785E2EDB}"
EndProject
Project("{2150E333-8FDC-42A3-9474-1A3956D46DE8}") = "core", "core", "{58171A41-B327-45C8-9D5B-0AB8791B734C}"
EndProject
Project("{2150E333-8FDC-42A3-9474-1A3956D46DE8}") = "doc", "doc", "{C1A0D23A-122B-490B-98F3-275BEAADC1D7}"
	ProjectSection(SolutionItems) = preProject
		LICENSE = LICENSE
		README.md = README.md
		README.zh-cn.md = README.zh-cn.md
	EndProjectSection
EndProject
Project("{2150E333-8FDC-42A3-9474-1A3956D46DE8}") = "test", "test", "{729092FE-9F1C-4680-BCD1-14E9487C80D0}"
EndProject
Project("{9A19103F-16F7-4668-BE54-9A1E7A4F7556}") = "JT808.Protocol.Benchmark", "src\test\JT808.Protocol.Benchmark\JT808.Protocol.Benchmark.csproj", "{56936AC7-C30D-4362-8E83-2E3C860D4375}"
EndProject
Project("{9A19103F-16F7-4668-BE54-9A1E7A4F7556}") = "JT808.Protocol.Test", "src\test\JT808.Protocol.Test\JT808.Protocol.Test.csproj", "{19CF72A0-0A95-4BD0-92FA-5BBD1D562A88}"
EndProject
Project("{9A19103F-16F7-4668-BE54-9A1E7A4F7556}") = "JT808.Protocol", "src\core\JT808.Protocol\JT808.Protocol.csproj", "{0E8D602E-CDB8-4EE5-8423-5159AE64597D}"
EndProject
Project("{2150E333-8FDC-42A3-9474-1A3956D46DE8}") = "library", "library", "{EC48ED2E-ED34-42B9-9DA7-9469E97AE2D2}"
EndProject
Project("{2150E333-8FDC-42A3-9474-1A3956D46DE8}") = "tcp", "tcp", "{CC24CCE9-F9A6-42EF-BBC4-D86D9DC26B9A}"
EndProject
Project("{9A19103F-16F7-4668-BE54-9A1E7A4F7556}") = "SuperSocket.Channel", "src\library\SuperSocket.Channel\SuperSocket.Channel.csproj", "{2C83ACA9-90ED-48A0-AA1A-E8ACD3FB12FF}"
EndProject
Project("{9A19103F-16F7-4668-BE54-9A1E7A4F7556}") = "SuperSocket.Primitives", "src\library\SuperSocket.Primitives\SuperSocket.Primitives.csproj", "{5178D2E9-C64D-4D2A-9BCE-6D350F19D635}"
EndProject
Project("{9A19103F-16F7-4668-BE54-9A1E7A4F7556}") = "SuperSocket.ProtoBase", "src\library\SuperSocket.ProtoBase\SuperSocket.ProtoBase.csproj", "{B91ECA26-AC05-45D9-B1DD-6974646C8E0F}"
EndProject
Project("{9A19103F-16F7-4668-BE54-9A1E7A4F7556}") = "SuperSocket.Server", "src\library\SuperSocket.Server\SuperSocket.Server.csproj", "{D0424FE5-C248-4346-B33E-DDCA61653FD8}"
EndProject
Project("{2150E333-8FDC-42A3-9474-1A3956D46DE8}") = "application", "application", "{C32190B9-D1C2-4864-ABDA-2278A2E44C37}"
EndProject
Project("{2150E333-8FDC-42A3-9474-1A3956D46DE8}") = "gateway", "gateway", "{E599BDDE-9823-460D-BD16-ABD399365A3C}"
EndProject
Project("{9A19103F-16F7-4668-BE54-9A1E7A4F7556}") = "Union.Gateway.Abstractions", "src\core\gateway\Union.Gateway.Abstractions\Union.Gateway.Abstractions.csproj", "{D364F11E-A29D-4177-A16D-0ADFF4E5C881}"
EndProject
Project("{9A19103F-16F7-4668-BE54-9A1E7A4F7556}") = "Union.Gateway", "src\core\gateway\Union.Gateway\Union.Gateway.csproj", "{F0130702-5A74-42A9-AF81-240578C965B8}"
EndProject
Project("{FAE04EC0-301F-11D3-BF4B-00C04F79EFBC}") = "IotGatewayServer", "src\application\IotGatewayServer\IotGatewayServer.csproj", "{35CD7475-AF5C-41AD-99E6-8AF30E0831B0}"
EndProject
Global
	GlobalSection(SolutionConfigurationPlatforms) = preSolution
		Debug|Any CPU = Debug|Any CPU
		Release|Any CPU = Release|Any CPU
	EndGlobalSection
	GlobalSection(ProjectConfigurationPlatforms) = postSolution
		{56936AC7-C30D-4362-8E83-2E3C860D4375}.Debug|Any CPU.ActiveCfg = Debug|Any CPU
		{56936AC7-C30D-4362-8E83-2E3C860D4375}.Debug|Any CPU.Build.0 = Debug|Any CPU
		{56936AC7-C30D-4362-8E83-2E3C860D4375}.Release|Any CPU.ActiveCfg = Release|Any CPU
		{56936AC7-C30D-4362-8E83-2E3C860D4375}.Release|Any CPU.Build.0 = Release|Any CPU
		{19CF72A0-0A95-4BD0-92FA-5BBD1D562A88}.Debug|Any CPU.ActiveCfg = Debug|Any CPU
		{19CF72A0-0A95-4BD0-92FA-5BBD1D562A88}.Debug|Any CPU.Build.0 = Debug|Any CPU
		{19CF72A0-0A95-4BD0-92FA-5BBD1D562A88}.Release|Any CPU.ActiveCfg = Release|Any CPU
		{19CF72A0-0A95-4BD0-92FA-5BBD1D562A88}.Release|Any CPU.Build.0 = Release|Any CPU
		{0E8D602E-CDB8-4EE5-8423-5159AE64597D}.Debug|Any CPU.ActiveCfg = Debug|Any CPU
		{0E8D602E-CDB8-4EE5-8423-5159AE64597D}.Debug|Any CPU.Build.0 = Debug|Any CPU
		{0E8D602E-CDB8-4EE5-8423-5159AE64597D}.Release|Any CPU.ActiveCfg = Release|Any CPU
		{0E8D602E-CDB8-4EE5-8423-5159AE64597D}.Release|Any CPU.Build.0 = Release|Any CPU
		{2C83ACA9-90ED-48A0-AA1A-E8ACD3FB12FF}.Debug|Any CPU.ActiveCfg = Debug|Any CPU
		{2C83ACA9-90ED-48A0-AA1A-E8ACD3FB12FF}.Debug|Any CPU.Build.0 = Debug|Any CPU
		{2C83ACA9-90ED-48A0-AA1A-E8ACD3FB12FF}.Release|Any CPU.ActiveCfg = Release|Any CPU
		{2C83ACA9-90ED-48A0-AA1A-E8ACD3FB12FF}.Release|Any CPU.Build.0 = Release|Any CPU
		{5178D2E9-C64D-4D2A-9BCE-6D350F19D635}.Debug|Any CPU.ActiveCfg = Debug|Any CPU
		{5178D2E9-C64D-4D2A-9BCE-6D350F19D635}.Debug|Any CPU.Build.0 = Debug|Any CPU
		{5178D2E9-C64D-4D2A-9BCE-6D350F19D635}.Release|Any CPU.ActiveCfg = Release|Any CPU
		{5178D2E9-C64D-4D2A-9BCE-6D350F19D635}.Release|Any CPU.Build.0 = Release|Any CPU
		{B91ECA26-AC05-45D9-B1DD-6974646C8E0F}.Debug|Any CPU.ActiveCfg = Debug|Any CPU
		{B91ECA26-AC05-45D9-B1DD-6974646C8E0F}.Debug|Any CPU.Build.0 = Debug|Any CPU
		{B91ECA26-AC05-45D9-B1DD-6974646C8E0F}.Release|Any CPU.ActiveCfg = Release|Any CPU
		{B91ECA26-AC05-45D9-B1DD-6974646C8E0F}.Release|Any CPU.Build.0 = Release|Any CPU
		{D0424FE5-C248-4346-B33E-DDCA61653FD8}.Debug|Any CPU.ActiveCfg = Debug|Any CPU
		{D0424FE5-C248-4346-B33E-DDCA61653FD8}.Debug|Any CPU.Build.0 = Debug|Any CPU
		{D0424FE5-C248-4346-B33E-DDCA61653FD8}.Release|Any CPU.ActiveCfg = Release|Any CPU
		{D0424FE5-C248-4346-B33E-DDCA61653FD8}.Release|Any CPU.Build.0 = Release|Any CPU
		{D364F11E-A29D-4177-A16D-0ADFF4E5C881}.Debug|Any CPU.ActiveCfg = Debug|Any CPU
		{D364F11E-A29D-4177-A16D-0ADFF4E5C881}.Debug|Any CPU.Build.0 = Debug|Any CPU
		{D364F11E-A29D-4177-A16D-0ADFF4E5C881}.Release|Any CPU.ActiveCfg = Release|Any CPU
		{D364F11E-A29D-4177-A16D-0ADFF4E5C881}.Release|Any CPU.Build.0 = Release|Any CPU
		{F0130702-5A74-42A9-AF81-240578C965B8}.Debug|Any CPU.ActiveCfg = Debug|Any CPU
		{F0130702-5A74-42A9-AF81-240578C965B8}.Debug|Any CPU.Build.0 = Debug|Any CPU
		{F0130702-5A74-42A9-AF81-240578C965B8}.Release|Any CPU.ActiveCfg = Release|Any CPU
		{F0130702-5A74-42A9-AF81-240578C965B8}.Release|Any CPU.Build.0 = Release|Any CPU
		{35CD7475-AF5C-41AD-99E6-8AF30E0831B0}.Debug|Any CPU.ActiveCfg = Debug|Any CPU
		{35CD7475-AF5C-41AD-99E6-8AF30E0831B0}.Debug|Any CPU.Build.0 = Debug|Any CPU
		{35CD7475-AF5C-41AD-99E6-8AF30E0831B0}.Release|Any CPU.ActiveCfg = Release|Any CPU
		{35CD7475-AF5C-41AD-99E6-8AF30E0831B0}.Release|Any CPU.Build.0 = Release|Any CPU
	EndGlobalSection
	GlobalSection(SolutionProperties) = preSolution
		HideSolutionNode = FALSE
	EndGlobalSection
	GlobalSection(NestedProjects) = preSolution
		{58171A41-B327-45C8-9D5B-0AB8791B734C} = {D63F56C0-E89C-4601-AC17-9D7E785E2EDB}
		{729092FE-9F1C-4680-BCD1-14E9487C80D0} = {D63F56C0-E89C-4601-AC17-9D7E785E2EDB}
		{56936AC7-C30D-4362-8E83-2E3C860D4375} = {729092FE-9F1C-4680-BCD1-14E9487C80D0}
		{19CF72A0-0A95-4BD0-92FA-5BBD1D562A88} = {729092FE-9F1C-4680-BCD1-14E9487C80D0}
		{0E8D602E-CDB8-4EE5-8423-5159AE64597D} = {58171A41-B327-45C8-9D5B-0AB8791B734C}
		{EC48ED2E-ED34-42B9-9DA7-9469E97AE2D2} = {D63F56C0-E89C-4601-AC17-9D7E785E2EDB}
		{CC24CCE9-F9A6-42EF-BBC4-D86D9DC26B9A} = {EC48ED2E-ED34-42B9-9DA7-9469E97AE2D2}
		{2C83ACA9-90ED-48A0-AA1A-E8ACD3FB12FF} = {CC24CCE9-F9A6-42EF-BBC4-D86D9DC26B9A}
		{5178D2E9-C64D-4D2A-9BCE-6D350F19D635} = {CC24CCE9-F9A6-42EF-BBC4-D86D9DC26B9A}
		{B91ECA26-AC05-45D9-B1DD-6974646C8E0F} = {CC24CCE9-F9A6-42EF-BBC4-D86D9DC26B9A}
		{D0424FE5-C248-4346-B33E-DDCA61653FD8} = {CC24CCE9-F9A6-42EF-BBC4-D86D9DC26B9A}
		{E599BDDE-9823-460D-BD16-ABD399365A3C} = {58171A41-B327-45C8-9D5B-0AB8791B734C}
		{D364F11E-A29D-4177-A16D-0ADFF4E5C881} = {E599BDDE-9823-460D-BD16-ABD399365A3C}
		{F0130702-5A74-42A9-AF81-240578C965B8} = {E599BDDE-9823-460D-BD16-ABD399365A3C}
		{35CD7475-AF5C-41AD-99E6-8AF30E0831B0} = {C32190B9-D1C2-4864-ABDA-2278A2E44C37}
	EndGlobalSection
	GlobalSection(ExtensibilityGlobals) = postSolution
		SolutionGuid = {A8EBAF2E-74AE-437B-947A-84B0FACCEA1F}
	EndGlobalSection
EndGlobal
